{
  "requires": true,
  "lockfileVersion": 1,
  "dependencies": {
    "d3-array": {
      "version": "1.2.4",
      "resolved": "https://registry.npmjs.org/d3-array/-/d3-array-1.2.4.tgz",
      "integrity": "sha512-KHW6M86R+FUPYGb3R5XiYjXPq7VzwxZ22buHhAEVG5ztoEcZZMLov530mmccaqA1GghZArjQV46fuc8kUqhhHw=="
    },
    "d3-collection": {
      "version": "1.0.7",
      "resolved": "https://registry.npmjs.org/d3-collection/-/d3-collection-1.0.7.tgz",
      "integrity": "sha512-ii0/r5f4sjKNTfh84Di+DpztYwqKhEyUlKoPrzUFfeSkWxjW49xU2QzO9qrPrNkpdI0XJkfzvmTu8V2Zylln6A=="
    },
    "d3-color": {
      "version": "1.4.0",
      "resolved": "https://registry.npmjs.org/d3-color/-/d3-color-1.4.0.tgz",
      "integrity": "sha512-TzNPeJy2+iEepfiL92LAAB7fvnp/dV2YwANPVHdDWmYMm23qIJBYww3qT8I8C1wXrmrg4UWs7BKc2tKIgyjzHg=="
    },
    "d3-ease": {
      "version": "1.0.6",
      "resolved": "https://registry.npmjs.org/d3-ease/-/d3-ease-1.0.6.tgz",
      "integrity": "sha512-SZ/lVU7LRXafqp7XtIcBdxnWl8yyLpgOmzAk0mWBI9gXNzLDx5ybZgnRbH9dN/yY5tzVBqCQ9avltSnqVwessQ=="
    },
    "d3-format": {
      "version": "1.4.3",
      "resolved": "https://registry.npmjs.org/d3-format/-/d3-format-1.4.3.tgz",
      "integrity": "sha512-mm/nE2Y9HgGyjP+rKIekeITVgBtX97o1nrvHCWX8F/yBYyevUTvu9vb5pUnKwrcSw7o7GuwMOWjS9gFDs4O+uQ=="
    },
    "d3-interpolate": {
      "version": "1.4.0",
      "resolved": "https://registry.npmjs.org/d3-interpolate/-/d3-interpolate-1.4.0.tgz",
      "integrity": "sha512-V9znK0zc3jOPV4VD2zZn0sDhZU3WAE2bmlxdIwwQPPzPjvyLkd8B3JUVdS1IDUFDkWZ72c9qnv1GK2ZagTZ8EA==",
      "requires": {
        "d3-color": "1"
      }
    },
    "d3-path": {
      "version": "1.0.9",
      "resolved": "https://registry.npmjs.org/d3-path/-/d3-path-1.0.9.tgz",
      "integrity": "sha512-VLaYcn81dtHVTjEHd8B+pbe9yHWpXKZUC87PzoFmsFrJqgFwDe/qxfp5MlfsfM1V5E/iVt0MmEbWQ7FVIXh/bg=="
    },
    "d3-scale": {
      "version": "1.0.7",
      "resolved": "https://registry.npmjs.org/d3-scale/-/d3-scale-1.0.7.tgz",
      "integrity": "sha512-KvU92czp2/qse5tUfGms6Kjig0AhHOwkzXG0+PqIJB3ke0WUv088AHMZI0OssO9NCkXt4RP8yju9rpH8aGB7Lw==",
      "requires": {
        "d3-array": "^1.2.0",
        "d3-collection": "1",
        "d3-color": "1",
        "d3-format": "1",
        "d3-interpolate": "1",
        "d3-time": "1",
        "d3-time-format": "2"
      }
    },
    "d3-shape": {
      "version": "1.3.7",
      "resolved": "https://registry.npmjs.org/d3-shape/-/d3-shape-1.3.7.tgz",
      "integrity": "sha512-EUkvKjqPFUAZyOlhY5gzCxCeI0Aep04LwIRpsZ/mLFelJiUfnK56jo5JMDSE7yyP2kLSb6LtF+S5chMk7uqPqw==",
      "requires": {
        "d3-path": "1"
      }
    },
    "d3-time": {
      "version": "1.1.0",
      "resolved": "https://registry.npmjs.org/d3-time/-/d3-time-1.1.0.tgz",
      "integrity": "sha512-Xh0isrZ5rPYYdqhAVk8VLnMEidhz5aP7htAADH6MfzgmmicPkTo8LhkLxci61/lCB7n7UmE3bN0leRt+qvkLxA=="
    },
    "d3-time-format": {
      "version": "2.2.3",
      "resolved": "https://registry.npmjs.org/d3-time-format/-/d3-time-format-2.2.3.tgz",
      "integrity": "sha512-RAHNnD8+XvC4Zc4d2A56Uw0yJoM7bsvOlJR33bclxq399Rak/b9bhvu/InjxdWhPtkgU53JJcleJTGkNRnN6IA==",
      "requires": {
        "d3-time": "1"
      }
    },
    "d3-timer": {
      "version": "1.0.10",
      "resolved": "https://registry.npmjs.org/d3-timer/-/d3-timer-1.0.10.tgz",
      "integrity": "sha512-B1JDm0XDaQC+uvo4DT79H0XmBskgS3l6Ve+1SBCfxgmtIb1AVrPIoqd+nPSv+loMX8szQ0sVUhGngL7D5QPiXw=="
    },
    "d3-voronoi": {
      "version": "1.1.4",
      "resolved": "https://registry.npmjs.org/d3-voronoi/-/d3-voronoi-1.1.4.tgz",
      "integrity": "sha512-dArJ32hchFsrQ8uMiTBLq256MpnZjeuBtdHpaDlYuQyjU0CVzCJl/BVW+SkszaAeH95D/8gxqAhgx0ouAWAfRg=="
    },
    "delaunator": {
      "version": "4.0.1",
      "resolved": "https://registry.npmjs.org/delaunator/-/delaunator-4.0.1.tgz",
      "integrity": "sha512-WNPWi1IRKZfCt/qIDMfERkDp93+iZEmOxN2yy4Jg+Xhv8SLk2UTqqbe1sfiipn0and9QrE914/ihdx82Y/Giag=="
    },
    "delaunay-find": {
      "version": "0.0.5",
      "resolved": "https://registry.npmjs.org/delaunay-find/-/delaunay-find-0.0.5.tgz",
      "integrity": "sha512-7yAJ/wmKWj3SgqjtkGqT/RCwI0HWAo5YnHMoF5nYXD8cdci+YSo23iPmgrZUNOpDxRWN91PqxUvMMr2lKpjr+w==",
      "requires": {
        "delaunator": "^4.0.0"
      }
    },
    "js-tokens": {
      "version": "4.0.0",
      "resolved": "https://registry.npmjs.org/js-tokens/-/js-tokens-4.0.0.tgz",
      "integrity": "sha512-RdJUflcE3cUzKiMqQgsCu06FPu9UdIJO0beYbPhHN4k6apgJtifcoCtT9bcxOpYBtpD2kCM6Sbzg4CausW/PKQ=="
    },
    "lodash": {
      "version": "4.17.15",
      "resolved": "https://registry.npmjs.org/lodash/-/lodash-4.17.15.tgz",
      "integrity": "sha512-8xOcRHvCjnocdS5cpwXQXVzmmh5e5+saE2QGoeQmbKmRS6J3VQppPOIt0MnmE+4xlZoumy0GPG0D0MVIQbNA1A=="
    },
    "loose-envify": {
      "version": "1.4.0",
      "resolved": "https://registry.npmjs.org/loose-envify/-/loose-envify-1.4.0.tgz",
      "integrity": "sha512-lyuxPGr/Wfhrlem2CL/UcnUc1zcqKAImBDzukY7Y5F/yQiNdko6+fRLevlw1HgMySw7f611UIY408EtxRSoK3Q==",
      "requires": {
        "js-tokens": "^3.0.0 || ^4.0.0"
      }
    },
    "object-assign": {
      "version": "4.1.1",
      "resolved": "https://registry.npmjs.org/object-assign/-/object-assign-4.1.1.tgz",
      "integrity": "sha1-IQmtx5ZYh8/AXLvUQsrIv7s2CGM="
    },
    "prop-types": {
      "version": "15.7.2",
      "resolved": "https://registry.npmjs.org/prop-types/-/prop-types-15.7.2.tgz",
      "integrity": "sha512-8QQikdH7//R2vurIJSutZ1smHYTcLpRWEOlHnzcWHmBYrOGUysKwSsrC89BCiFj3CbrfJ/nXFdJepOVrY1GCHQ==",
      "requires": {
        "loose-envify": "^1.4.0",
        "object-assign": "^4.1.1",
        "react-is": "^16.8.1"
      }
    },
    "react-fast-compare": {
      "version": "2.0.4",
      "resolved": "https://registry.npmjs.org/react-fast-compare/-/react-fast-compare-2.0.4.tgz",
      "integrity": "sha512-suNP+J1VU1MWFKcyt7RtjiSWUjvidmQSlqu+eHslq+342xCbGTYmC0mEhPCOHxlW0CywylOC1u2DFAT+bv4dBw=="
    },
    "react-is": {
      "version": "16.13.0",
      "resolved": "https://registry.npmjs.org/react-is/-/react-is-16.13.0.tgz",
      "integrity": "sha512-GFMtL0vHkiBv9HluwNZTggSn/sCyEt9n02aM0dSAjGGyqyNlAyftYm4phPxdvCigG15JreC5biwxCgTAJZ7yAA=="
    },
    "victory": {
      "version": "34.1.2",
      "resolved": "https://registry.npmjs.org/victory/-/victory-34.1.2.tgz",
      "integrity": "sha512-MTuwGGcDaK5vkwHJCcTvuigP4TpjBVoT4epjAjNkSjbuhdP16Rb/tR/kJFZ2s2m/JZI+VnK+I97SBj/WxgPlHw==",
      "requires": {
        "victory-area": "^34.1.1",
        "victory-axis": "^34.1.1",
        "victory-bar": "^34.1.1",
        "victory-box-plot": "^34.1.1",
        "victory-brush-container": "^34.1.1",
        "victory-brush-line": "^34.1.2",
        "victory-candlestick": "^34.1.1",
        "victory-chart": "^34.1.1",
        "victory-core": "^34.1.1",
        "victory-create-container": "^34.1.2",
        "victory-cursor-container": "^34.1.1",
        "victory-errorbar": "^34.1.1",
        "victory-group": "^34.1.2",
        "victory-legend": "^34.1.2",
        "victory-line": "^34.1.1",
        "victory-pie": "^34.1.1",
        "victory-polar-axis": "^34.1.1",
        "victory-scatter": "^34.1.1",
        "victory-selection-container": "^34.1.1",
        "victory-shared-events": "^34.1.1",
        "victory-stack": "^34.1.2",
        "victory-tooltip": "^34.1.1",
        "victory-voronoi": "^34.1.1",
        "victory-voronoi-container": "^34.1.2",
        "victory-zoom-container": "^34.1.1"
      }
    },
    "victory-area": {
      "version": "34.1.1",
      "resolved": "https://registry.npmjs.org/victory-area/-/victory-area-34.1.1.tgz",
      "integrity": "sha512-IVN9VIx2p0eqnU3MSriungJNWnS++z3lz4W0eGNc3Ezrb/ko305i4OHtggY64MxDym5XQNp7Tmvsf3dGY3/Fww==",
      "requires": {
        "d3-shape": "^1.2.0",
        "lodash": "^4.17.15",
        "prop-types": "^15.5.8",
        "victory-core": "^34.1.1"
      }
    },
    "victory-axis": {
      "version": "34.1.1",
      "resolved": "https://registry.npmjs.org/victory-axis/-/victory-axis-34.1.1.tgz",
      "integrity": "sha512-23qDlP9HYGBofhF/VaGOrwIdZMJT/n8Lhb+sVsj7keBXIOWFIq9D6TulQJ0SnGa4efFEQf0c/cPlFJFu9PipkQ==",
      "requires": {
        "lodash": "^4.17.15",
        "prop-types": "^15.5.8",
        "victory-core": "^34.1.1"
      }
    },
    "victory-bar": {
      "version": "34.1.1",
      "resolved": "https://registry.npmjs.org/victory-bar/-/victory-bar-34.1.1.tgz",
      "integrity": "sha512-np2KA9G+m0372QO1USGJ5MDjwAOUt31j2SFaHN5uylEJDJnd7eBWrPpDSLi8XhTe5WzJPy64RNfoIETsh365zA==",
      "requires": {
        "d3-shape": "^1.2.0",
        "lodash": "^4.17.15",
        "prop-types": "^15.5.8",
        "victory-core": "^34.1.1"
      }
    },
    "victory-box-plot": {
      "version": "34.1.1",
      "resolved": "https://registry.npmjs.org/victory-box-plot/-/victory-box-plot-34.1.1.tgz",
      "integrity": "sha512-FIEhS2BqFG/vPQnWAgYUvawrCYoKKQuzV+36vcq4Mph0FWK1QunnYQPD69uKJyCuTeiOv3cnmzdaZZzdW+IHgQ==",
      "requires": {
        "d3-array": "^1.2.0",
        "lodash": "^4.17.15",
        "prop-types": "^15.5.8",
        "victory-core": "^34.1.1"
      }
    },
    "victory-brush-container": {
      "version": "34.1.1",
      "resolved": "https://registry.npmjs.org/victory-brush-container/-/victory-brush-container-34.1.1.tgz",
      "integrity": "sha512-GGECTRV3sMnbNKEVH7HZMfFwrabcDYlq4AGjwH+LNz4xOvyoYoHUeqhCQ5VBlIZcb+ps/ZR0+fCzyZ9dBVqonw==",
      "requires": {
        "lodash": "^4.17.15",
        "prop-types": "^15.5.8",
        "react-fast-compare": "^2.0.0",
        "victory-core": "^34.1.1"
      }
    },
    "victory-brush-line": {
      "version": "34.1.2",
      "resolved": "https://registry.npmjs.org/victory-brush-line/-/victory-brush-line-34.1.2.tgz",
      "integrity": "sha512-niQLalMCgvMA5iWNHBmF0wce+c0PgX6ee3FTGxJO4o5VNpML4CmQW5PtOQDncZEg7qYVGvuPtRa5q3eU8FtR8g==",
      "requires": {
        "lodash": "^4.17.15",
        "prop-types": "^15.5.8",
        "react-fast-compare": "^2.0.0",
        "victory-core": "^34.1.1"
      }
    },
    "victory-candlestick": {
      "version": "34.1.1",
      "resolved": "https://registry.npmjs.org/victory-candlestick/-/victory-candlestick-34.1.1.tgz",
      "integrity": "sha512-tGw8wrpHQHjSnNMuAUCMwJmagDlFLVf9Z4fKZem9EARDRlKT83lK4ePK7JvnCCZLTQpCbDyuNxycGeQNobtsaA==",
      "requires": {
        "lodash": "^4.17.15",
        "prop-types": "^15.5.8",
        "victory-core": "^34.1.1"
      }
    },
    "victory-chart": {
      "version": "34.1.1",
      "resolved": "https://registry.npmjs.org/victory-chart/-/victory-chart-34.1.1.tgz",
      "integrity": "sha512-kJliRM3+5pqsrZIty5SIiP33JAQ4EPPdnyUl4K3KME0sBUvjCq+wOJ5XJIaR8995TIIMcYbEUGz8nVRKD4OoRg==",
      "requires": {
        "lodash": "^4.17.15",
        "prop-types": "^15.5.8",
        "react-fast-compare": "^2.0.0",
        "victory-axis": "^34.1.1",
        "victory-core": "^34.1.1",
        "victory-polar-axis": "^34.1.1",
        "victory-shared-events": "^34.1.1"
      }
    },
    "victory-core": {
      "version": "34.1.1",
      "resolved": "https://registry.npmjs.org/victory-core/-/victory-core-34.1.1.tgz",
      "integrity": "sha512-tPzb3hNMjFl20dmh981mBakPExa3J2W4Hyq92jcNHmTLUSGV25nwkmTXBHcHAlbxiubE8iLo6VUlWrHhWyWuLQ==",
      "requires": {
        "d3-ease": "^1.0.0",
        "d3-interpolate": "^1.1.1",
        "d3-scale": "^1.0.0",
        "d3-shape": "^1.2.0",
        "d3-timer": "^1.0.0",
        "lodash": "^4.17.15",
        "prop-types": "^15.5.8",
        "react-fast-compare": "^2.0.0"
      }
    },
    "victory-create-container": {
      "version": "34.1.2",
      "resolved": "https://registry.npmjs.org/victory-create-container/-/victory-create-container-34.1.2.tgz",
      "integrity": "sha512-ClQMgITbwt7W0pwDcbI84okwgh6Z/p/iWF9dsAw1fGkewz33UE/0dASbt8wHcLV/Ffr+i1QTSsjm2Oc7X1Ne4Q==",
      "requires": {
        "lodash": "^4.17.15",
        "victory-brush-container": "^34.1.1",
        "victory-core": "^34.1.1",
        "victory-cursor-container": "^34.1.1",
        "victory-selection-container": "^34.1.1",
        "victory-voronoi-container": "^34.1.2",
        "victory-zoom-container": "^34.1.1"
      }
    },
    "victory-cursor-container": {
      "version": "34.1.1",
      "resolved": "https://registry.npmjs.org/victory-cursor-container/-/victory-cursor-container-34.1.1.tgz",
      "integrity": "sha512-AjXX602jtaCnGhLasYrKQx3AabQvHwJLu9T+s5gO/kAbRjGozRiCLp/gKgV8OJs/aHx2ykGILyfd4gk8jehWPQ==",
      "requires": {
        "lodash": "^4.17.15",
        "prop-types": "^15.5.8",
        "victory-core": "^34.1.1"
      }
    },
    "victory-errorbar": {
      "version": "34.1.1",
      "resolved": "https://registry.npmjs.org/victory-errorbar/-/victory-errorbar-34.1.1.tgz",
      "integrity": "sha512-hsPN5rRN0ay5Vnc4dQkOP2za8TMkISKpZ7A+bp+LScnCdGV0O6re3qA5KpHoaCaVLA4MF3ranDj1m+KQ325uGw==",
      "requires": {
        "lodash": "^4.17.15",
        "prop-types": "^15.5.8",
        "victory-core": "^34.1.1"
      }
    },
    "victory-group": {
      "version": "34.1.2",
      "resolved": "https://registry.npmjs.org/victory-group/-/victory-group-34.1.2.tgz",
      "integrity": "sha512-FWLZIantvYKat3MPDNS8ZTFlTNNSKNeh/0hxMHEgKwiVQtpU0Qd2t/YpKdRuhpTEtPEPnnuM4WxBbmTDcCpawQ==",
      "requires": {
        "lodash": "^4.17.15",
        "prop-types": "^15.5.8",
        "react-fast-compare": "^2.0.0",
        "victory-core": "^34.1.1",
        "victory-shared-events": "^34.1.1"
      }
    },
    "victory-legend": {
      "version": "34.1.2",
      "resolved": "https://registry.npmjs.org/victory-legend/-/victory-legend-34.1.2.tgz",
      "integrity": "sha512-RnH9yz414nDGGJmRacFgaGiSpcrAai8kXPlC8b2IP/QGzF3S9YVaikMEdNx5J9kizenuhKZOan29OcChrorx1Q==",
      "requires": {
        "lodash": "^4.17.15",
        "prop-types": "^15.5.8",
        "victory-core": "^34.1.1"
      }
    },
    "victory-line": {
      "version": "34.1.1",
      "resolved": "https://registry.npmjs.org/victory-line/-/victory-line-34.1.1.tgz",
      "integrity": "sha512-okA3vvmTS2Ob6rM7GfrcfObJFQjZRH27ZfpZUcLltc2yykl2uX75ml2MWbbO3vFXDYq0lFiRmp9NXwpFwwUCHA==",
      "requires": {
        "d3-shape": "^1.2.0",
        "lodash": "^4.17.15",
        "prop-types": "^15.5.8",
        "victory-core": "^34.1.1"
      }
    },
    "victory-pie": {
      "version": "34.1.1",
      "resolved": "https://registry.npmjs.org/victory-pie/-/victory-pie-34.1.1.tgz",
      "integrity": "sha512-2ppKp8GVQXbWED/ODdHClQW/G997fTJPoJh/C0+Jyrk4z3PB8Z8Mxh/8v3uz7XvTgf3OHZL2hsnmh0I86QY03g==",
      "requires": {
        "d3-shape": "^1.0.0",
        "lodash": "^4.17.15",
        "prop-types": "^15.5.8",
        "victory-core": "^34.1.1"
      }
    },
    "victory-polar-axis": {
      "version": "34.1.1",
      "resolved": "https://registry.npmjs.org/victory-polar-axis/-/victory-polar-axis-34.1.1.tgz",
      "integrity": "sha512-bPmF16a6eiDP8H3i2XlaKl2uju1QiY8krL57DMfJUEykeBm723HVJ/4Y+6EwZjkaYgzgCDnYmcq8N53dB0RbPA==",
      "requires": {
        "lodash": "^4.17.15",
        "prop-types": "^15.5.8",
        "victory-core": "^34.1.1"
      }
    },
    "victory-scatter": {
      "version": "34.1.1",
      "resolved": "https://registry.npmjs.org/victory-scatter/-/victory-scatter-34.1.1.tgz",
      "integrity": "sha512-rxzf+Qc+B6lxg6Lxi0CqrcLYyIZnSkJg4Va3/ZcxSrsHfqYiNYvy437hj9nAJqyzI+N7mRxPK/L2k2co9Py2Fw==",
      "requires": {
        "lodash": "^4.17.15",
        "prop-types": "^15.5.8",
        "victory-core": "^34.1.1"
      }
    },
    "victory-selection-container": {
      "version": "34.1.1",
      "resolved": "https://registry.npmjs.org/victory-selection-container/-/victory-selection-container-34.1.1.tgz",
      "integrity": "sha512-QLmTMAiAGZgUtosZWm6XsPXC5C7hTB2kI226FTvoQxE3eISCRWm9d3WyYkEaN6j4Nas1qAMzcd3PMABu35ASRw==",
      "requires": {
        "lodash": "^4.17.15",
        "prop-types": "^15.5.8",
        "victory-core": "^34.1.1"
      }
    },
    "victory-shared-events": {
      "version": "34.1.1",
      "resolved": "https://registry.npmjs.org/victory-shared-events/-/victory-shared-events-34.1.1.tgz",
      "integrity": "sha512-eBWf8nA8y5uIFzoZnc4/RfM1fB2bOYSj7rHmpbSh/i+nVkUsNlKRK8HDmhpGJOwK9vSy8OI9S+c2ecFhUKYFRA==",
      "requires": {
        "lodash": "^4.17.15",
        "prop-types": "^15.5.8",
        "react-fast-compare": "^2.0.0",
        "victory-core": "^34.1.1"
      }
    },
    "victory-stack": {
      "version": "34.1.2",
      "resolved": "https://registry.npmjs.org/victory-stack/-/victory-stack-34.1.2.tgz",
      "integrity": "sha512-/NxHx1+IuHfn701YejuhoHo2fOLp1facjrQ2kG9QDVG8/ZZuSeLgzT6Cj4HFoebtxEN6uNN3fZ5YLPx45Y9Lbw==",
      "requires": {
        "lodash": "^4.17.15",
        "prop-types": "^15.5.8",
        "react-fast-compare": "^2.0.0",
        "victory-core": "^34.1.1",
        "victory-shared-events": "^34.1.1"
      }
    },
    "victory-tooltip": {
      "version": "34.1.1",
      "resolved": "https://registry.npmjs.org/victory-tooltip/-/victory-tooltip-34.1.1.tgz",
      "integrity": "sha512-nOEVsZNAJmlkY92IPjOOmD0xsTSHi+jcfxgQqAMgtj5R2mDr1IC2Z1J8VSyTbH1AlyPzrJWN4ohMmCNUBjqOQA==",
      "requires": {
        "lodash": "^4.17.15",
        "prop-types": "^15.5.8",
        "victory-core": "^34.1.1"
      }
    },
    "victory-voronoi": {
      "version": "34.1.1",
      "resolved": "https://registry.npmjs.org/victory-voronoi/-/victory-voronoi-34.1.1.tgz",
      "integrity": "sha512-lEPXCt5dA96XiOm23AT+6ZOgxBNUKMHAejA19LmBkCz/zwKd5pGBsCGEPqsbhypVVDHhQbkIetxNf6kI+AlXJQ==",
      "requires": {
        "d3-voronoi": "^1.1.2",
        "lodash": "^4.17.15",
        "prop-types": "^15.5.8",
        "victory-core": "^34.1.1"
      }
    },
    "victory-voronoi-container": {
      "version": "34.1.2",
      "resolved": "https://registry.npmjs.org/victory-voronoi-container/-/victory-voronoi-container-34.1.2.tgz",
      "integrity": "sha512-+pV2XtukegPaW14zFa0XHRGCn0TBAS45jbLf1ipBeGGMRtZBSxWvGRJJe9k8dVk1Ntyo4NqH5ziVSwRgCRPsyg==",
      "requires": {
        "delaunay-find": "0.0.5",
        "lodash": "^4.17.15",
        "prop-types": "^15.5.8",
        "react-fast-compare": "^2.0.0",
        "victory-core": "^34.1.1",
        "victory-tooltip": "^34.1.1"
      }
    },
    "victory-zoom-container": {
      "version": "34.1.1",
      "resolved": "https://registry.npmjs.org/victory-zoom-container/-/victory-zoom-container-34.1.1.tgz",
      "integrity": "sha512-xMb4CPlOsfiJ6lzSKSJFQrM5ivJ8DU8PBKMtDrQkgjPAZTp7B99cF05poCtxn4M+mSJvo2/87Z0SfjOxBoz/cA==",
      "requires": {
        "lodash": "^4.17.15",
        "prop-types": "^15.5.8",
        "victory-core": "^34.1.1"
      }
    }
  }
}
